
Microsoft Visual Studio Solution File, Format Version 12.00
# Visual Studio 2013
VisualStudioVersion = 12.0.40629.0
MinimumVisualStudioVersion = 10.0.40219.1
Project("{FAE04EC0-301F-11D3-BF4B-00C04F79EFBC}") = "eCommerce", "eCommerce\eCommerce.csproj", "{5EF989C5-B9AB-4C16-89AD-A9860AF29A13}"
EndProject
Project("{FAE04EC0-301F-11D3-BF4B-00C04F79EFBC}") = "eCommerce.Tests", "eCommerce.Tests\eCommerce.Tests.csproj", "{676D61DD-9D29-4964-90A2-782DEA6723EB}"
EndProject
Global
	GlobalSection(SolutionConfigurationPlatforms) = preSolution
		Debug|Any CPU = Debug|Any CPU
		Release|Any CPU = Release|Any CPU
	EndGlobalSection
	GlobalSection(ProjectConfigurationPlatforms) = postSolution
		{5EF989C5-B9AB-4C16-89AD-A9860AF29A13}.Debug|Any CPU.ActiveCfg = Debug|Any CPU
		{5EF989C5-B9AB-4C16-89AD-A9860AF29A13}.Debug|Any CPU.Build.0 = Debug|Any CPU
		{5EF989C5-B9AB-4C16-89AD-A9860AF29A13}.Release|Any CPU.ActiveCfg = Release|Any CPU
		{5EF989C5-B9AB-4C16-89AD-A9860AF29A13}.Release|Any CPU.Build.0 = Release|Any CPU
		{676D61DD-9D29-4964-90A2-782DEA6723EB}.Debug|Any CPU.ActiveCfg = Debug|Any CPU
		{676D61DD-9D29-4964-90A2-782DEA6723EB}.Debug|Any CPU.Build.0 = Debug|Any CPU
		{676D61DD-9D29-4964-90A2-782DEA6723EB}.Release|Any CPU.ActiveCfg = Release|Any CPU
		{676D61DD-9D29-4964-90A2-782DEA6723EB}.Release|Any CPU.Build.0 = Release|Any CPU
	EndGlobalSection
	GlobalSection(SolutionProperties) = preSolution
		HideSolutionNode = FALSE
	EndGlobalSection
EndGlobal
